
Microsoft Visual Studio Solution File, Format Version 12.00
# Visual Studio Version 17
VisualStudioVersion = 17.2.32519.379
MinimumVisualStudioVersion = 10.0.40219.1
Project("{FAE04EC0-301F-11D3-BF4B-00C04F79EFBC}") = "001.SingleInheritance", "001.SingleInheritance\001.SingleInheritance.csproj", "{74DB7330-6DFA-45B3-B875-FB6E8B7B86F9}"
EndProject
Project("{FAE04EC0-301F-11D3-BF4B-00C04F79EFBC}") = "002.MultipleInheritance", "002.MultipleInheritance\002.MultipleInheritance.csproj", "{9568FDDA-616A-437F-8A22-F0750CBB581D}"
EndProject
Project("{FAE04EC0-301F-11D3-BF4B-00C04F79EFBC}") = "003.HierarchicalInheritance", "003.HierarchicalInheritance\003.HierarchicalInheritance.csproj", "{5BB874E7-4AB9-4AFF-932E-52C83B1DC096}"
EndProject
Project("{FAE04EC0-301F-11D3-BF4B-00C04F79EFBC}") = "004.RandomList", "004.RandomList\004.RandomList.csproj", "{13F16F41-8037-4281-967B-66D6D7F4DC08}"
EndProject
Project("{FAE04EC0-301F-11D3-BF4B-00C04F79EFBC}") = "005.StackOfStrings", "005.StackOfStrings\005.StackOfStrings.csproj", "{865F164E-59A9-476C-8F6F-214592658B76}"
EndProject
Global
	GlobalSection(SolutionConfigurationPlatforms) = preSolution
		Debug|Any CPU = Debug|Any CPU
		Release|Any CPU = Release|Any CPU
	EndGlobalSection
	GlobalSection(ProjectConfigurationPlatforms) = postSolution
		{74DB7330-6DFA-45B3-B875-FB6E8B7B86F9}.Debug|Any CPU.ActiveCfg = Debug|Any CPU
		{74DB7330-6DFA-45B3-B875-FB6E8B7B86F9}.Debug|Any CPU.Build.0 = Debug|Any CPU
		{74DB7330-6DFA-45B3-B875-FB6E8B7B86F9}.Release|Any CPU.ActiveCfg = Release|Any CPU
		{74DB7330-6DFA-45B3-B875-FB6E8B7B86F9}.Release|Any CPU.Build.0 = Release|Any CPU
		{9568FDDA-616A-437F-8A22-F0750CBB581D}.Debug|Any CPU.ActiveCfg = Debug|Any CPU
		{9568FDDA-616A-437F-8A22-F0750CBB581D}.Debug|Any CPU.Build.0 = Debug|Any CPU
		{9568FDDA-616A-437F-8A22-F0750CBB581D}.Release|Any CPU.ActiveCfg = Release|Any CPU
		{9568FDDA-616A-437F-8A22-F0750CBB581D}.Release|Any CPU.Build.0 = Release|Any CPU
		{5BB874E7-4AB9-4AFF-932E-52C83B1DC096}.Debug|Any CPU.ActiveCfg = Debug|Any CPU
		{5BB874E7-4AB9-4AFF-932E-52C83B1DC096}.Debug|Any CPU.Build.0 = Debug|Any CPU
		{5BB874E7-4AB9-4AFF-932E-52C83B1DC096}.Release|Any CPU.ActiveCfg = Release|Any CPU
		{5BB874E7-4AB9-4AFF-932E-52C83B1DC096}.Release|Any CPU.Build.0 = Release|Any CPU
		{13F16F41-8037-4281-967B-66D6D7F4DC08}.Debug|Any CPU.ActiveCfg = Debug|Any CPU
		{13F16F41-8037-4281-967B-66D6D7F4DC08}.Debug|Any CPU.Build.0 = Debug|Any CPU
		{13F16F41-8037-4281-967B-66D6D7F4DC08}.Release|Any CPU.ActiveCfg = Release|Any CPU
		{13F16F41-8037-4281-967B-66D6D7F4DC08}.Release|Any CPU.Build.0 = Release|Any CPU
		{865F164E-59A9-476C-8F6F-214592658B76}.Debug|Any CPU.ActiveCfg = Debug|Any CPU
		{865F164E-59A9-476C-8F6F-214592658B76}.Debug|Any CPU.Build.0 = Debug|Any CPU
		{865F164E-59A9-476C-8F6F-214592658B76}.Release|Any CPU.ActiveCfg = Release|Any CPU
		{865F164E-59A9-476C-8F6F-214592658B76}.Release|Any CPU.Build.0 = Release|Any CPU
	EndGlobalSection
	GlobalSection(SolutionProperties) = preSolution
		HideSolutionNode = FALSE
	EndGlobalSection
	GlobalSection(ExtensibilityGlobals) = postSolution
		SolutionGuid = {3ABA3E2F-665C-4622-AFFC-671026D8EBD6}
	EndGlobalSection
EndGlobal
